// !$*UTF8*$!
{
	archiveVersion = 1;
	classes = {
	};
	objectVersion = 46;
	objects = {

/* Begin PBXBuildFile section */
		55004A5A19858EF900F49B8E /* OnePasswordExtension.m in Sources */ = {isa = PBXBuildFile; fileRef = 55004A5919858EF900F49B8E /* OnePasswordExtension.m */; };
		C04CEC4819887A8C00673F85 /* 1Password.xcassets in Resources */ = {isa = PBXBuildFile; fileRef = C04CEC4719887A8C00673F85 /* 1Password.xcassets */; };
		C0618D9F197D843100BBD34A /* AppDelegate.m in Sources */ = {isa = PBXBuildFile; fileRef = C0618D97197D843100BBD34A /* AppDelegate.m */; };
		C0618DA0197D843100BBD34A /* LoginViewController.m in Sources */ = {isa = PBXBuildFile; fileRef = C0618D99197D843100BBD34A /* LoginViewController.m */; };
		C0618DA1197D843100BBD34A /* RegisterViewController.m in Sources */ = {isa = PBXBuildFile; fileRef = C0618D9B197D843100BBD34A /* RegisterViewController.m */; };
		C0618DA2197D843100BBD34A /* ThankYouViewController.m in Sources */ = {isa = PBXBuildFile; fileRef = C0618D9D197D843100BBD34A /* ThankYouViewController.m */; };
		C0618DA3197D843100BBD34A /* Welcome.html in Resources */ = {isa = PBXBuildFile; fileRef = C0618D9E197D843100BBD34A /* Welcome.html */; };
		C0618DA5197D843E00BBD34A /* Images.xcassets in Resources */ = {isa = PBXBuildFile; fileRef = C0618DA4197D843E00BBD34A /* Images.xcassets */; };
		C0618DA8197D844E00BBD34A /* Main.storyboard in Resources */ = {isa = PBXBuildFile; fileRef = C0618DA6197D844E00BBD34A /* Main.storyboard */; };
		C0618DAC197D850100BBD34A /* main.m in Sources */ = {isa = PBXBuildFile; fileRef = C0618DAA197D850100BBD34A /* main.m */; };
/* End PBXBuildFile section */

/* Begin PBXFileReference section */
		55004A5919858EF900F49B8E /* OnePasswordExtension.m */ = {isa = PBXFileReference; fileEncoding = 4; lastKnownFileType = sourcecode.c.objc; name = OnePasswordExtension.m; path = ../OnePasswordExtension.m; sourceTree = "<group>"; };
		558601E41985D67400D6DB75 /* OnePasswordExtension.h */ = {isa = PBXFileReference; fileEncoding = 4; lastKnownFileType = sourcecode.c.h; name = OnePasswordExtension.h; path = ../OnePasswordExtension.h; sourceTree = "<group>"; };
		C04CEC4719887A8C00673F85 /* 1Password.xcassets */ = {isa = PBXFileReference; lastKnownFileType = folder.assetcatalog; name = 1Password.xcassets; path = ../1Password.xcassets; sourceTree = "<group>"; };
		C0618D96197D843100BBD34A /* AppDelegate.h */ = {isa = PBXFileReference; fileEncoding = 4; lastKnownFileType = sourcecode.c.h; name = AppDelegate.h; path = "Native App Login Demo for iOS/Native App Login Demo for iOS/AppDelegate.h"; sourceTree = "<group>"; };
		C0618D97197D843100BBD34A /* AppDelegate.m */ = {isa = PBXFileReference; fileEncoding = 4; lastKnownFileType = sourcecode.c.objc; name = AppDelegate.m; path = "Native App Login Demo for iOS/Native App Login Demo for iOS/AppDelegate.m"; sourceTree = "<group>"; };
		C0618D98197D843100BBD34A /* LoginViewController.h */ = {isa = PBXFileReference; fileEncoding = 4; lastKnownFileType = sourcecode.c.h; name = LoginViewController.h; path = "Native App Login Demo for iOS/Native App Login Demo for iOS/LoginViewController.h"; sourceTree = "<group>"; };
		C0618D99197D843100BBD34A /* LoginViewController.m */ = {isa = PBXFileReference; fileEncoding = 4; lastKnownFileType = sourcecode.c.objc; name = LoginViewController.m; path = "Native App Login Demo for iOS/Native App Login Demo for iOS/LoginViewController.m"; sourceTree = "<group>"; };
		C0618D9A197D843100BBD34A /* RegisterViewController.h */ = {isa = PBXFileReference; fileEncoding = 4; lastKnownFileType = sourcecode.c.h; name = RegisterViewController.h; path = "Native App Login Demo for iOS/Native App Login Demo for iOS/RegisterViewController.h"; sourceTree = "<group>"; };
		C0618D9B197D843100BBD34A /* RegisterViewController.m */ = {isa = PBXFileReference; fileEncoding = 4; lastKnownFileType = sourcecode.c.objc; name = RegisterViewController.m; path = "Native App Login Demo for iOS/Native App Login Demo for iOS/RegisterViewController.m"; sourceTree = "<group>"; };
		C0618D9C197D843100BBD34A /* ThankYouViewController.h */ = {isa = PBXFileReference; fileEncoding = 4; lastKnownFileType = sourcecode.c.h; name = ThankYouViewController.h; path = "Native App Login Demo for iOS/Native App Login Demo for iOS/ThankYouViewController.h"; sourceTree = "<group>"; };
		C0618D9D197D843100BBD34A /* ThankYouViewController.m */ = {isa = PBXFileReference; fileEncoding = 4; lastKnownFileType = sourcecode.c.objc; name = ThankYouViewController.m; path = "Native App Login Demo for iOS/Native App Login Demo for iOS/ThankYouViewController.m"; sourceTree = "<group>"; };
		C0618D9E197D843100BBD34A /* Welcome.html */ = {isa = PBXFileReference; fileEncoding = 4; lastKnownFileType = text.html; name = Welcome.html; path = "Native App Login Demo for iOS/Native App Login Demo for iOS/Welcome.html"; sourceTree = "<group>"; };
		C0618DA4197D843E00BBD34A /* Images.xcassets */ = {isa = PBXFileReference; lastKnownFileType = folder.assetcatalog; name = Images.xcassets; path = "Native App Login Demo for iOS/Native App Login Demo for iOS/Images.xcassets"; sourceTree = "<group>"; };
		C0618DA7197D844E00BBD34A /* Base */ = {isa = PBXFileReference; lastKnownFileType = file.storyboard; name = Base; path = "Native App Login Demo for iOS/Native App Login Demo for iOS/Base.lproj/Main.storyboard"; sourceTree = "<group>"; };
		C0618DA9197D850100BBD34A /* Info.plist */ = {isa = PBXFileReference; fileEncoding = 4; lastKnownFileType = text.plist.xml; name = Info.plist; path = "Native App Login Demo for iOS/Native App Login Demo for iOS/Info.plist"; sourceTree = "<group>"; };
		C0618DAA197D850100BBD34A /* main.m */ = {isa = PBXFileReference; fileEncoding = 4; lastKnownFileType = sourcecode.c.objc; name = main.m; path = "Native App Login Demo for iOS/Native App Login Demo for iOS/main.m"; sourceTree = "<group>"; };
		C0FA52971974821100570166 /* App Demo for iOS.app */ = {isa = PBXFileReference; explicitFileType = wrapper.application; includeInIndex = 0; path = "App Demo for iOS.app"; sourceTree = BUILT_PRODUCTS_DIR; };
/* End PBXFileReference section */

/* Begin PBXFrameworksBuildPhase section */
		C0FA52941974821100570166 /* Frameworks */ = {
			isa = PBXFrameworksBuildPhase;
			buildActionMask = 2147483647;
			files = (
			);
			runOnlyForDeploymentPostprocessing = 0;
		};
/* End PBXFrameworksBuildPhase section */

/* Begin PBXGroup section */
		C0FA528E1974821100570166 = {
			isa = PBXGroup;
			children = (
				C0FA52991974821100570166 /* Native App Login Demo for iOS */,
				C0FA52981974821100570166 /* Products */,
			);
			sourceTree = "<group>";
		};
		C0FA52981974821100570166 /* Products */ = {
			isa = PBXGroup;
			children = (
				C0FA52971974821100570166 /* App Demo for iOS.app */,
			);
			name = Products;
			sourceTree = "<group>";
		};
		C0FA52991974821100570166 /* Native App Login Demo for iOS */ = {
			isa = PBXGroup;
			children = (
				558601E41985D67400D6DB75 /* OnePasswordExtension.h */,
				55004A5919858EF900F49B8E /* OnePasswordExtension.m */,
				C0618D96197D843100BBD34A /* AppDelegate.h */,
				C0618D97197D843100BBD34A /* AppDelegate.m */,
				C0618D98197D843100BBD34A /* LoginViewController.h */,
				C0618D99197D843100BBD34A /* LoginViewController.m */,
				C0618D9A197D843100BBD34A /* RegisterViewController.h */,
				C0618D9B197D843100BBD34A /* RegisterViewController.m */,
				C0618D9C197D843100BBD34A /* ThankYouViewController.h */,
				C0618D9D197D843100BBD34A /* ThankYouViewController.m */,
				C0618D9E197D843100BBD34A /* Welcome.html */,
				C0618DA4197D843E00BBD34A /* Images.xcassets */,
				C04CEC4719887A8C00673F85 /* 1Password.xcassets */,
				C0618DA6197D844E00BBD34A /* Main.storyboard */,
				C0FA529A1974821100570166 /* Supporting Files */,
			);
			name = "Native App Login Demo for iOS";
			path = ..;
			sourceTree = "<group>";
		};
		C0FA529A1974821100570166 /* Supporting Files */ = {
			isa = PBXGroup;
			children = (
				C0618DA9197D850100BBD34A /* Info.plist */,
				C0618DAA197D850100BBD34A /* main.m */,
			);
			name = "Supporting Files";
			sourceTree = "<group>";
		};
/* End PBXGroup section */

/* Begin PBXNativeTarget section */
		C0FA52961974821100570166 /* ACME */ = {
			isa = PBXNativeTarget;
			buildConfigurationList = C0FA52B71974821100570166 /* Build configuration list for PBXNativeTarget "ACME" */;
			buildPhases = (
				C0FA52931974821100570166 /* Sources */,
				C0FA52941974821100570166 /* Frameworks */,
				C0FA52951974821100570166 /* Resources */,
			);
			buildRules = (
			);
			dependencies = (
			);
			name = ACME;
			productName = "1Password Extension Demo";
			productReference = C0FA52971974821100570166 /* App Demo for iOS.app */;
			productType = "com.apple.product-type.application";
		};
/* End PBXNativeTarget section */

/* Begin PBXProject section */
		C0FA528F1974821100570166 /* Project object */ = {
			isa = PBXProject;
			attributes = {
				LastUpgradeCheck = 0600;
				ORGANIZATIONNAME = AgileBits;
				TargetAttributes = {
					C0FA52961974821100570166 = {
						CreatedOnToolsVersion = 6.0;
					};
				};
			};
			buildConfigurationList = C0FA52921974821100570166 /* Build configuration list for PBXProject "App Demo for iOS" */;
			compatibilityVersion = "Xcode 3.2";
			developmentRegion = English;
			hasScannedForEncodings = 0;
			knownRegions = (
				en,
				Base,
			);
			mainGroup = C0FA528E1974821100570166;
			productRefGroup = C0FA52981974821100570166 /* Products */;
			projectDirPath = "";
			projectRoot = "";
			targets = (
				C0FA52961974821100570166 /* ACME */,
			);
		};
/* End PBXProject section */

/* Begin PBXResourcesBuildPhase section */
		C0FA52951974821100570166 /* Resources */ = {
			isa = PBXResourcesBuildPhase;
			buildActionMask = 2147483647;
			files = (
				C0618DA5197D843E00BBD34A /* Images.xcassets in Resources */,
				C0618DA3197D843100BBD34A /* Welcome.html in Resources */,
				C04CEC4819887A8C00673F85 /* 1Password.xcassets in Resources */,
				C0618DA8197D844E00BBD34A /* Main.storyboard in Resources */,
			);
			runOnlyForDeploymentPostprocessing = 0;
		};
/* End PBXResourcesBuildPhase section */

/* Begin PBXSourcesBuildPhase section */
		C0FA52931974821100570166 /* Sources */ = {
			isa = PBXSourcesBuildPhase;
			buildActionMask = 2147483647;
			files = (
				C0618DAC197D850100BBD34A /* main.m in Sources */,
				C0618D9F197D843100BBD34A /* AppDelegate.m in Sources */,
				55004A5A19858EF900F49B8E /* OnePasswordExtension.m in Sources */,
				C0618DA2197D843100BBD34A /* ThankYouViewController.m in Sources */,
				C0618DA0197D843100BBD34A /* LoginViewController.m in Sources */,
				C0618DA1197D843100BBD34A /* RegisterViewController.m in Sources */,
			);
			runOnlyForDeploymentPostprocessing = 0;
		};
/* End PBXSourcesBuildPhase section */

/* Begin PBXVariantGroup section */
		C0618DA6197D844E00BBD34A /* Main.storyboard */ = {
			isa = PBXVariantGroup;
			children = (
				C0618DA7197D844E00BBD34A /* Base */,
			);
			name = Main.storyboard;
			sourceTree = "<group>";
		};
/* End PBXVariantGroup section */

/* Begin XCBuildConfiguration section */
		C0FA52B51974821100570166 /* Debug */ = {
			isa = XCBuildConfiguration;
			buildSettings = {
				ALWAYS_SEARCH_USER_PATHS = NO;
				CLANG_CXX_LANGUAGE_STANDARD = "gnu++0x";
				CLANG_CXX_LIBRARY = "libc++";
				CLANG_ENABLE_MODULES = YES;
				CLANG_ENABLE_OBJC_ARC = YES;
				CLANG_WARN_BOOL_CONVERSION = YES;
				CLANG_WARN_CONSTANT_CONVERSION = YES;
				CLANG_WARN_DIRECT_OBJC_ISA_USAGE = YES_ERROR;
				CLANG_WARN_EMPTY_BODY = YES;
				CLANG_WARN_ENUM_CONVERSION = YES;
				CLANG_WARN_INT_CONVERSION = YES;
				CLANG_WARN_OBJC_ROOT_CLASS = YES_ERROR;
				CLANG_WARN_UNREACHABLE_CODE = YES;
				CLANG_WARN__DUPLICATE_METHOD_MATCH = YES;
				"CODE_SIGN_IDENTITY[sdk=iphoneos*]" = "iPhone Developer";
				COPY_PHASE_STRIP = NO;
				ENABLE_STRICT_OBJC_MSGSEND = YES;
				GCC_C_LANGUAGE_STANDARD = gnu99;
				GCC_DYNAMIC_NO_PIC = NO;
				GCC_OPTIMIZATION_LEVEL = 0;
				GCC_PREPROCESSOR_DEFINITIONS = (
					"DEBUG=1",
					"$(inherited)",
				);
				GCC_SYMBOLS_PRIVATE_EXTERN = NO;
				GCC_WARN_64_TO_32_BIT_CONVERSION = YES;
				GCC_WARN_ABOUT_RETURN_TYPE = YES_ERROR;
				GCC_WARN_UNDECLARED_SELECTOR = YES;
				GCC_WARN_UNINITIALIZED_AUTOS = YES_AGGRESSIVE;
				GCC_WARN_UNUSED_FUNCTION = YES;
				GCC_WARN_UNUSED_VARIABLE = YES;
				IPHONEOS_DEPLOYMENT_TARGET = 8.0;
				MTL_ENABLE_DEBUG_INFO = YES;
				ONLY_ACTIVE_ARCH = YES;
				SDKROOT = iphoneos;
			};
			name = Debug;
		};
		C0FA52B61974821100570166 /* Release */ = {
			isa = XCBuildConfiguration;
			buildSettings = {
				ALWAYS_SEARCH_USER_PATHS = NO;
				CLANG_CXX_LANGUAGE_STANDARD = "gnu++0x";
				CLANG_CXX_LIBRARY = "libc++";
				CLANG_ENABLE_MODULES = YES;
				CLANG_ENABLE_OBJC_ARC = YES;
				CLANG_WARN_BOOL_CONVERSION = YES;
				CLANG_WARN_CONSTANT_CONVERSION = YES;
				CLANG_WARN_DIRECT_OBJC_ISA_USAGE = YES_ERROR;
				CLANG_WARN_EMPTY_BODY = YES;
				CLANG_WARN_ENUM_CONVERSION = YES;
				CLANG_WARN_INT_CONVERSION = YES;
				CLANG_WARN_OBJC_ROOT_CLASS = YES_ERROR;
				CLANG_WARN_UNREACHABLE_CODE = YES;
				CLANG_WARN__DUPLICATE_METHOD_MATCH = YES;
				"CODE_SIGN_IDENTITY[sdk=iphoneos*]" = "iPhone Developer";
				COPY_PHASE_STRIP = YES;
				ENABLE_NS_ASSERTIONS = NO;
				ENABLE_STRICT_OBJC_MSGSEND = YES;
				GCC_C_LANGUAGE_STANDARD = gnu99;
				GCC_WARN_64_TO_32_BIT_CONVERSION = YES;
				GCC_WARN_ABOUT_RETURN_TYPE = YES_ERROR;
				GCC_WARN_UNDECLARED_SELECTOR = YES;
				GCC_WARN_UNINITIALIZED_AUTOS = YES_AGGRESSIVE;
				GCC_WARN_UNUSED_FUNCTION = YES;
				GCC_WARN_UNUSED_VARIABLE = YES;
				IPHONEOS_DEPLOYMENT_TARGET = 8.0;
				MTL_ENABLE_DEBUG_INFO = NO;
				SDKROOT = iphoneos;
				VALIDATE_PRODUCT = YES;
			};
			name = Release;
		};
		C0FA52B81974821100570166 /* Debug */ = {
			isa = XCBuildConfiguration;
			buildSettings = {
				ASSETCATALOG_COMPILER_APPICON_NAME = "acme-anvil-corp";
				ASSETCATALOG_COMPILER_LAUNCHIMAGE_NAME = LaunchImage;
				INFOPLIST_FILE = "$(SRCROOT)/Native App Login Demo for iOS/Info.plist";
				LD_RUNPATH_SEARCH_PATHS = "$(inherited) @executable_path/Frameworks";
				PRODUCT_NAME = "App Demo for iOS";
				TARGETED_DEVICE_FAMILY = 1;
			};
			name = Debug;
		};
		C0FA52B91974821100570166 /* Release */ = {
			isa = XCBuildConfiguration;
			buildSettings = {
				ASSETCATALOG_COMPILER_APPICON_NAME = "acme-anvil-corp";
				ASSETCATALOG_COMPILER_LAUNCHIMAGE_NAME = LaunchImage;
				INFOPLIST_FILE = "$(SRCROOT)/Native App Login Demo for iOS/Info.plist";
				LD_RUNPATH_SEARCH_PATHS = "$(inherited) @executable_path/Frameworks";
				PRODUCT_NAME = "App Demo for iOS";
				TARGETED_DEVICE_FAMILY = 1;
			};
			name = Release;
		};
/* End XCBuildConfiguration section */

/* Begin XCConfigurationList section */
		C0FA52921974821100570166 /* Build configuration list for PBXProject "App Demo for iOS" */ = {
			isa = XCConfigurationList;
			buildConfigurations = (
				C0FA52B51974821100570166 /* Debug */,
				C0FA52B61974821100570166 /* Release */,
			);
			defaultConfigurationIsVisible = 0;
			defaultConfigurationName = Release;
		};
		C0FA52B71974821100570166 /* Build configuration list for PBXNativeTarget "ACME" */ = {
			isa = XCConfigurationList;
			buildConfigurations = (
				C0FA52B81974821100570166 /* Debug */,
				C0FA52B91974821100570166 /* Release */,
			);
			defaultConfigurationIsVisible = 0;
			defaultConfigurationName = Release;
		};
/* End XCConfigurationList section */
	};
	rootObject = C0FA528F1974821100570166 /* Project object */;
}
