// !$*UTF8*$!
{
	archiveVersion = 1;
	classes = {
	};
	objectVersion = 46;
	objects = {

/* Begin PBXBuildFile section */
		553BD881197C226C001C85F9 /* Images.xcassets in Resources */ = {isa = PBXBuildFile; fileRef = 553BD87A197C226C001C85F9 /* Images.xcassets */; };
		553BD882197C226C001C85F9 /* collect.js in Resources */ = {isa = PBXBuildFile; fileRef = 553BD87D197C226C001C85F9 /* collect.js */; };
		553BD883197C226C001C85F9 /* collect_lib.min.js in Resources */ = {isa = PBXBuildFile; fileRef = 553BD87E197C226C001C85F9 /* collect_lib.min.js */; };
		553BD884197C226C001C85F9 /* fill.js in Resources */ = {isa = PBXBuildFile; fileRef = 553BD87F197C226C001C85F9 /* fill.js */; };
		553BD885197C226C001C85F9 /* fill_lib.min.js in Resources */ = {isa = PBXBuildFile; fileRef = 553BD880197C226C001C85F9 /* fill_lib.min.js */; };
		C0047EA2197C0183002CE658 /* AppDelegate.m in Sources */ = {isa = PBXBuildFile; fileRef = C0047EA1197C0183002CE658 /* AppDelegate.m */; };
		C0047EA9197C01C9002CE658 /* SignInViewController.m in Sources */ = {isa = PBXBuildFile; fileRef = C0047EA4197C01C9002CE658 /* SignInViewController.m */; };
		C0047EAA197C01C9002CE658 /* SignUpViewController.m in Sources */ = {isa = PBXBuildFile; fileRef = C0047EA6197C01C9002CE658 /* SignUpViewController.m */; };
		C0047EAB197C01C9002CE658 /* WebViewController.m in Sources */ = {isa = PBXBuildFile; fileRef = C0047EA8197C01C9002CE658 /* WebViewController.m */; };
		C03CE9A2197C030600942843 /* main.m in Sources */ = {isa = PBXBuildFile; fileRef = C03CE9A0197C030600942843 /* main.m */; };
		C03CE9A4197C0CC800942843 /* Main.storyboard in Resources */ = {isa = PBXBuildFile; fileRef = C0047EAC197C0200002CE658 /* Main.storyboard */; };
/* End PBXBuildFile section */

/* Begin PBXFileReference section */
		553BD87A197C226C001C85F9 /* Images.xcassets */ = {isa = PBXFileReference; lastKnownFileType = folder.assetcatalog; path = Images.xcassets; sourceTree = "<group>"; };
		553BD87B197C226C001C85F9 /* OPExtensionConstants.h */ = {isa = PBXFileReference; fileEncoding = 4; lastKnownFileType = sourcecode.c.h; path = OPExtensionConstants.h; sourceTree = "<group>"; };
		553BD87D197C226C001C85F9 /* collect.js */ = {isa = PBXFileReference; fileEncoding = 4; lastKnownFileType = sourcecode.javascript; path = collect.js; sourceTree = "<group>"; };
		553BD87E197C226C001C85F9 /* collect_lib.min.js */ = {isa = PBXFileReference; fileEncoding = 4; lastKnownFileType = sourcecode.javascript; path = collect_lib.min.js; sourceTree = "<group>"; };
		553BD87F197C226C001C85F9 /* fill.js */ = {isa = PBXFileReference; fileEncoding = 4; lastKnownFileType = sourcecode.javascript; path = fill.js; sourceTree = "<group>"; };
		553BD880197C226C001C85F9 /* fill_lib.min.js */ = {isa = PBXFileReference; fileEncoding = 4; lastKnownFileType = sourcecode.javascript; path = fill_lib.min.js; sourceTree = "<group>"; };
		C0047EA0197C0183002CE658 /* AppDelegate.h */ = {isa = PBXFileReference; fileEncoding = 4; lastKnownFileType = sourcecode.c.h; name = AppDelegate.h; path = "1Password Extension Demo for iOS/AppDelegate.h"; sourceTree = SOURCE_ROOT; };
		C0047EA1197C0183002CE658 /* AppDelegate.m */ = {isa = PBXFileReference; fileEncoding = 4; lastKnownFileType = sourcecode.c.objc; name = AppDelegate.m; path = "1Password Extension Demo for iOS/AppDelegate.m"; sourceTree = SOURCE_ROOT; };
		C0047EA3197C01C9002CE658 /* SignInViewController.h */ = {isa = PBXFileReference; fileEncoding = 4; lastKnownFileType = sourcecode.c.h; name = SignInViewController.h; path = "1Password Extension Demo for iOS/SignInViewController.h"; sourceTree = SOURCE_ROOT; };
		C0047EA4197C01C9002CE658 /* SignInViewController.m */ = {isa = PBXFileReference; fileEncoding = 4; lastKnownFileType = sourcecode.c.objc; name = SignInViewController.m; path = "1Password Extension Demo for iOS/SignInViewController.m"; sourceTree = SOURCE_ROOT; };
		C0047EA5197C01C9002CE658 /* SignUpViewController.h */ = {isa = PBXFileReference; fileEncoding = 4; lastKnownFileType = sourcecode.c.h; name = SignUpViewController.h; path = "1Password Extension Demo for iOS/SignUpViewController.h"; sourceTree = SOURCE_ROOT; };
		C0047EA6197C01C9002CE658 /* SignUpViewController.m */ = {isa = PBXFileReference; fileEncoding = 4; lastKnownFileType = sourcecode.c.objc; name = SignUpViewController.m; path = "1Password Extension Demo for iOS/SignUpViewController.m"; sourceTree = SOURCE_ROOT; };
		C0047EA7197C01C9002CE658 /* WebViewController.h */ = {isa = PBXFileReference; fileEncoding = 4; lastKnownFileType = sourcecode.c.h; name = WebViewController.h; path = "1Password Extension Demo for iOS/WebViewController.h"; sourceTree = SOURCE_ROOT; };
		C0047EA8197C01C9002CE658 /* WebViewController.m */ = {isa = PBXFileReference; fileEncoding = 4; lastKnownFileType = sourcecode.c.objc; name = WebViewController.m; path = "1Password Extension Demo for iOS/WebViewController.m"; sourceTree = SOURCE_ROOT; };
		C0047EAD197C0200002CE658 /* Base */ = {isa = PBXFileReference; lastKnownFileType = file.storyboard; name = Base; path = "1Password Extension Demo for iOS/Base.lproj/Main.storyboard"; sourceTree = SOURCE_ROOT; };
		C03CE99F197C030600942843 /* Info.plist */ = {isa = PBXFileReference; fileEncoding = 4; lastKnownFileType = text.plist.xml; name = Info.plist; path = "1Password Extension Demo for iOS/Info.plist"; sourceTree = SOURCE_ROOT; };
		C03CE9A0197C030600942843 /* main.m */ = {isa = PBXFileReference; fileEncoding = 4; lastKnownFileType = sourcecode.c.objc; name = main.m; path = "1Password Extension Demo for iOS/main.m"; sourceTree = SOURCE_ROOT; };
		C0FA52971974821100570166 /* 1Password Extension Demo for iOS.app */ = {isa = PBXFileReference; explicitFileType = wrapper.application; includeInIndex = 0; path = "1Password Extension Demo for iOS.app"; sourceTree = BUILT_PRODUCTS_DIR; };
/* End PBXFileReference section */

/* Begin PBXFrameworksBuildPhase section */
		C0FA52941974821100570166 /* Frameworks */ = {
			isa = PBXFrameworksBuildPhase;
			buildActionMask = 2147483647;
			files = (
			);
			runOnlyForDeploymentPostprocessing = 0;
		};
/* End PBXFrameworksBuildPhase section */

/* Begin PBXGroup section */
		553BD879197C226C001C85F9 /* Resources */ = {
			isa = PBXGroup;
			children = (
				553BD87A197C226C001C85F9 /* Images.xcassets */,
				553BD87B197C226C001C85F9 /* OPExtensionConstants.h */,
				553BD87C197C226C001C85F9 /* Scripts */,
			);
			name = Resources;
			path = ../Resources;
			sourceTree = SOURCE_ROOT;
		};
		553BD87C197C226C001C85F9 /* Scripts */ = {
			isa = PBXGroup;
			children = (
				553BD87D197C226C001C85F9 /* collect.js */,
				553BD87E197C226C001C85F9 /* collect_lib.min.js */,
				553BD87F197C226C001C85F9 /* fill.js */,
				553BD880197C226C001C85F9 /* fill_lib.min.js */,
			);
			path = Scripts;
			sourceTree = "<group>";
		};
		C0FA528E1974821100570166 = {
			isa = PBXGroup;
			children = (
				C0FA52991974821100570166 /* 1Password Extension Demo */,
				C0FA52981974821100570166 /* Products */,
			);
			sourceTree = "<group>";
		};
		C0FA52981974821100570166 /* Products */ = {
			isa = PBXGroup;
			children = (
				C0FA52971974821100570166 /* 1Password Extension Demo for iOS.app */,
			);
			name = Products;
			sourceTree = "<group>";
		};
		C0FA52991974821100570166 /* 1Password Extension Demo */ = {
			isa = PBXGroup;
			children = (
				C0047EA0197C0183002CE658 /* AppDelegate.h */,
				C0047EA1197C0183002CE658 /* AppDelegate.m */,
				C0047EA3197C01C9002CE658 /* SignInViewController.h */,
				C0047EA4197C01C9002CE658 /* SignInViewController.m */,
				C0047EA5197C01C9002CE658 /* SignUpViewController.h */,
				C0047EA6197C01C9002CE658 /* SignUpViewController.m */,
				C0047EA7197C01C9002CE658 /* WebViewController.h */,
				C0047EA8197C01C9002CE658 /* WebViewController.m */,
				C0047EAC197C0200002CE658 /* Main.storyboard */,
				553BD879197C226C001C85F9 /* Resources */,
				C0FA529A1974821100570166 /* Supporting Files */,
			);
			path = "1Password Extension Demo";
			sourceTree = "<group>";
		};
		C0FA529A1974821100570166 /* Supporting Files */ = {
			isa = PBXGroup;
			children = (
				C03CE99F197C030600942843 /* Info.plist */,
				C03CE9A0197C030600942843 /* main.m */,
			);
			name = "Supporting Files";
			sourceTree = "<group>";
		};
/* End PBXGroup section */

/* Begin PBXNativeTarget section */
		C0FA52961974821100570166 /* ACME Browser */ = {
			isa = PBXNativeTarget;
			buildConfigurationList = C0FA52B71974821100570166 /* Build configuration list for PBXNativeTarget "ACME Browser" */;
			buildPhases = (
				C0FA52931974821100570166 /* Sources */,
				C0FA52941974821100570166 /* Frameworks */,
				C0FA52951974821100570166 /* Resources */,
			);
			buildRules = (
			);
			dependencies = (
			);
			name = "ACME Browser";
			productName = "1Password Extension Demo";
			productReference = C0FA52971974821100570166 /* 1Password Extension Demo for iOS.app */;
			productType = "com.apple.product-type.application";
		};
/* End PBXNativeTarget section */

/* Begin PBXProject section */
		C0FA528F1974821100570166 /* Project object */ = {
			isa = PBXProject;
			attributes = {
				LastUpgradeCheck = 0600;
				ORGANIZATIONNAME = AgileBits;
				TargetAttributes = {
					C0FA52961974821100570166 = {
						CreatedOnToolsVersion = 6.0;
					};
				};
			};
			buildConfigurationList = C0FA52921974821100570166 /* Build configuration list for PBXProject "1Password Extension Demo for iOS" */;
			compatibilityVersion = "Xcode 3.2";
			developmentRegion = English;
			hasScannedForEncodings = 0;
			knownRegions = (
				en,
				Base,
			);
			mainGroup = C0FA528E1974821100570166;
			productRefGroup = C0FA52981974821100570166 /* Products */;
			projectDirPath = "";
			projectRoot = "";
			targets = (
				C0FA52961974821100570166 /* ACME Browser */,
			);
		};
/* End PBXProject section */

/* Begin PBXResourcesBuildPhase section */
		C0FA52951974821100570166 /* Resources */ = {
			isa = PBXResourcesBuildPhase;
			buildActionMask = 2147483647;
			files = (
				553BD882197C226C001C85F9 /* collect.js in Resources */,
				553BD885197C226C001C85F9 /* fill_lib.min.js in Resources */,
				C03CE9A4197C0CC800942843 /* Main.storyboard in Resources */,
				553BD881197C226C001C85F9 /* Images.xcassets in Resources */,
				553BD883197C226C001C85F9 /* collect_lib.min.js in Resources */,
				553BD884197C226C001C85F9 /* fill.js in Resources */,
			);
			runOnlyForDeploymentPostprocessing = 0;
		};
/* End PBXResourcesBuildPhase section */

/* Begin PBXSourcesBuildPhase section */
		C0FA52931974821100570166 /* Sources */ = {
			isa = PBXSourcesBuildPhase;
			buildActionMask = 2147483647;
			files = (
				C0047EA9197C01C9002CE658 /* SignInViewController.m in Sources */,
				C0047EA2197C0183002CE658 /* AppDelegate.m in Sources */,
				C0047EAB197C01C9002CE658 /* WebViewController.m in Sources */,
				C03CE9A2197C030600942843 /* main.m in Sources */,
				C0047EAA197C01C9002CE658 /* SignUpViewController.m in Sources */,
			);
			runOnlyForDeploymentPostprocessing = 0;
		};
/* End PBXSourcesBuildPhase section */

/* Begin PBXVariantGroup section */
		C0047EAC197C0200002CE658 /* Main.storyboard */ = {
			isa = PBXVariantGroup;
			children = (
				C0047EAD197C0200002CE658 /* Base */,
			);
			name = Main.storyboard;
			sourceTree = "<group>";
		};
/* End PBXVariantGroup section */

/* Begin XCBuildConfiguration section */
		C0FA52B51974821100570166 /* Debug */ = {
			isa = XCBuildConfiguration;
			buildSettings = {
				ALWAYS_SEARCH_USER_PATHS = NO;
				CLANG_CXX_LANGUAGE_STANDARD = "gnu++0x";
				CLANG_CXX_LIBRARY = "libc++";
				CLANG_ENABLE_MODULES = YES;
				CLANG_ENABLE_OBJC_ARC = YES;
				CLANG_WARN_BOOL_CONVERSION = YES;
				CLANG_WARN_CONSTANT_CONVERSION = YES;
				CLANG_WARN_DIRECT_OBJC_ISA_USAGE = YES_ERROR;
				CLANG_WARN_EMPTY_BODY = YES;
				CLANG_WARN_ENUM_CONVERSION = YES;
				CLANG_WARN_INT_CONVERSION = YES;
				CLANG_WARN_OBJC_ROOT_CLASS = YES_ERROR;
				CLANG_WARN_UNREACHABLE_CODE = YES;
				CLANG_WARN__DUPLICATE_METHOD_MATCH = YES;
				"CODE_SIGN_IDENTITY[sdk=iphoneos*]" = "iPhone Developer";
				COPY_PHASE_STRIP = NO;
				ENABLE_STRICT_OBJC_MSGSEND = YES;
				GCC_C_LANGUAGE_STANDARD = gnu99;
				GCC_DYNAMIC_NO_PIC = NO;
				GCC_OPTIMIZATION_LEVEL = 0;
				GCC_PREPROCESSOR_DEFINITIONS = (
					"DEBUG=1",
					"$(inherited)",
				);
				GCC_SYMBOLS_PRIVATE_EXTERN = NO;
				GCC_WARN_64_TO_32_BIT_CONVERSION = YES;
				GCC_WARN_ABOUT_RETURN_TYPE = YES_ERROR;
				GCC_WARN_UNDECLARED_SELECTOR = YES;
				GCC_WARN_UNINITIALIZED_AUTOS = YES_AGGRESSIVE;
				GCC_WARN_UNUSED_FUNCTION = YES;
				GCC_WARN_UNUSED_VARIABLE = YES;
				IPHONEOS_DEPLOYMENT_TARGET = 8.0;
				MTL_ENABLE_DEBUG_INFO = YES;
				ONLY_ACTIVE_ARCH = YES;
				SDKROOT = iphoneos;
			};
			name = Debug;
		};
		C0FA52B61974821100570166 /* Release */ = {
			isa = XCBuildConfiguration;
			buildSettings = {
				ALWAYS_SEARCH_USER_PATHS = NO;
				CLANG_CXX_LANGUAGE_STANDARD = "gnu++0x";
				CLANG_CXX_LIBRARY = "libc++";
				CLANG_ENABLE_MODULES = YES;
				CLANG_ENABLE_OBJC_ARC = YES;
				CLANG_WARN_BOOL_CONVERSION = YES;
				CLANG_WARN_CONSTANT_CONVERSION = YES;
				CLANG_WARN_DIRECT_OBJC_ISA_USAGE = YES_ERROR;
				CLANG_WARN_EMPTY_BODY = YES;
				CLANG_WARN_ENUM_CONVERSION = YES;
				CLANG_WARN_INT_CONVERSION = YES;
				CLANG_WARN_OBJC_ROOT_CLASS = YES_ERROR;
				CLANG_WARN_UNREACHABLE_CODE = YES;
				CLANG_WARN__DUPLICATE_METHOD_MATCH = YES;
				"CODE_SIGN_IDENTITY[sdk=iphoneos*]" = "iPhone Developer";
				COPY_PHASE_STRIP = YES;
				ENABLE_NS_ASSERTIONS = NO;
				ENABLE_STRICT_OBJC_MSGSEND = YES;
				GCC_C_LANGUAGE_STANDARD = gnu99;
				GCC_WARN_64_TO_32_BIT_CONVERSION = YES;
				GCC_WARN_ABOUT_RETURN_TYPE = YES_ERROR;
				GCC_WARN_UNDECLARED_SELECTOR = YES;
				GCC_WARN_UNINITIALIZED_AUTOS = YES_AGGRESSIVE;
				GCC_WARN_UNUSED_FUNCTION = YES;
				GCC_WARN_UNUSED_VARIABLE = YES;
				IPHONEOS_DEPLOYMENT_TARGET = 8.0;
				MTL_ENABLE_DEBUG_INFO = NO;
				SDKROOT = iphoneos;
				VALIDATE_PRODUCT = YES;
			};
			name = Release;
		};
		C0FA52B81974821100570166 /* Debug */ = {
			isa = XCBuildConfiguration;
			buildSettings = {
				ASSETCATALOG_COMPILER_APPICON_NAME = AppIcon;
				ASSETCATALOG_COMPILER_LAUNCHIMAGE_NAME = LaunchImage;
				INFOPLIST_FILE = "$(SRCROOT)/1Password Extension Demo for iOS/Info.plist";
				LD_RUNPATH_SEARCH_PATHS = "$(inherited) @executable_path/Frameworks";
				PRODUCT_NAME = "1Password Extension Demo for iOS";
			};
			name = Debug;
		};
		C0FA52B91974821100570166 /* Release */ = {
			isa = XCBuildConfiguration;
			buildSettings = {
				ASSETCATALOG_COMPILER_APPICON_NAME = AppIcon;
				ASSETCATALOG_COMPILER_LAUNCHIMAGE_NAME = LaunchImage;
				INFOPLIST_FILE = "$(SRCROOT)/1Password Extension Demo for iOS/Info.plist";
				LD_RUNPATH_SEARCH_PATHS = "$(inherited) @executable_path/Frameworks";
				PRODUCT_NAME = "1Password Extension Demo for iOS";
			};
			name = Release;
		};
/* End XCBuildConfiguration section */

/* Begin XCConfigurationList section */
		C0FA52921974821100570166 /* Build configuration list for PBXProject "1Password Extension Demo for iOS" */ = {
			isa = XCConfigurationList;
			buildConfigurations = (
				C0FA52B51974821100570166 /* Debug */,
				C0FA52B61974821100570166 /* Release */,
			);
			defaultConfigurationIsVisible = 0;
			defaultConfigurationName = Release;
		};
		C0FA52B71974821100570166 /* Build configuration list for PBXNativeTarget "ACME Browser" */ = {
			isa = XCConfigurationList;
			buildConfigurations = (
				C0FA52B81974821100570166 /* Debug */,
				C0FA52B91974821100570166 /* Release */,
			);
			defaultConfigurationIsVisible = 0;
			defaultConfigurationName = Release;
		};
/* End XCConfigurationList section */
	};
	rootObject = C0FA528F1974821100570166 /* Project object */;
}
